
Microsoft Visual Studio Solution File, Format Version 12.00
Project("{2150E333-8FDC-42A3-9474-1A3956D46DE8}") = "Domain", "Domain", "{196B85F6-1982-4B9C-950D-5567CB86FEA2}"
EndProject
Project("{FAE04EC0-301F-11D3-BF4B-00C04F79EFBC}") = "Entity", "Entity\Entity.csproj", "{907044D3-150A-4807-B25C-1146F01D1423}"
EndProject
Project("{2150E333-8FDC-42A3-9474-1A3956D46DE8}") = "Infrastructure", "Infrastructure", "{E46D5BC8-BCC6-47F3-AB98-54D1B74DD599}"
EndProject
Project("{FAE04EC0-301F-11D3-BF4B-00C04F79EFBC}") = "DatabaseBroker", "DatabaseBroker\DatabaseBroker.csproj", "{4C77B334-411E-44D7-A342-CD4D3B314F74}"
EndProject
Project("{2150E333-8FDC-42A3-9474-1A3956D46DE8}") = "WebApi", "WebApi", "{5337815D-5D5A-4F87-8C0D-34F0577DF06C}"
EndProject
Project("{2150E333-8FDC-42A3-9474-1A3956D46DE8}") = "Service", "Service", "{665B117F-25FE-4C97-BA1A-F591990AC489}"
EndProject
Project("{FAE04EC0-301F-11D3-BF4B-00C04F79EFBC}") = "Services", "Services\Services.csproj", "{BDF5C409-B528-4D41-8C9E-2C92781DAC96}"
EndProject
Project("{FAE04EC0-301F-11D3-BF4B-00C04F79EFBC}") = "API", "API\API.csproj", "{6B845BC4-3C4B-450F-A082-AA40BB949119}"
EndProject
Global
	GlobalSection(SolutionConfigurationPlatforms) = preSolution
		Debug|Any CPU = Debug|Any CPU
		Release|Any CPU = Release|Any CPU
	EndGlobalSection
	GlobalSection(NestedProjects) = preSolution
		{907044D3-150A-4807-B25C-1146F01D1423} = {196B85F6-1982-4B9C-950D-5567CB86FEA2}
		{4C77B334-411E-44D7-A342-CD4D3B314F74} = {E46D5BC8-BCC6-47F3-AB98-54D1B74DD599}
		{BDF5C409-B528-4D41-8C9E-2C92781DAC96} = {665B117F-25FE-4C97-BA1A-F591990AC489}
		{6B845BC4-3C4B-450F-A082-AA40BB949119} = {5337815D-5D5A-4F87-8C0D-34F0577DF06C}
	EndGlobalSection
	GlobalSection(ProjectConfigurationPlatforms) = postSolution
		{907044D3-150A-4807-B25C-1146F01D1423}.Debug|Any CPU.ActiveCfg = Debug|Any CPU
		{907044D3-150A-4807-B25C-1146F01D1423}.Debug|Any CPU.Build.0 = Debug|Any CPU
		{907044D3-150A-4807-B25C-1146F01D1423}.Release|Any CPU.ActiveCfg = Release|Any CPU
		{907044D3-150A-4807-B25C-1146F01D1423}.Release|Any CPU.Build.0 = Release|Any CPU
		{4C77B334-411E-44D7-A342-CD4D3B314F74}.Debug|Any CPU.ActiveCfg = Debug|Any CPU
		{4C77B334-411E-44D7-A342-CD4D3B314F74}.Debug|Any CPU.Build.0 = Debug|Any CPU
		{4C77B334-411E-44D7-A342-CD4D3B314F74}.Release|Any CPU.ActiveCfg = Release|Any CPU
		{4C77B334-411E-44D7-A342-CD4D3B314F74}.Release|Any CPU.Build.0 = Release|Any CPU
		{BDF5C409-B528-4D41-8C9E-2C92781DAC96}.Debug|Any CPU.ActiveCfg = Debug|Any CPU
		{BDF5C409-B528-4D41-8C9E-2C92781DAC96}.Debug|Any CPU.Build.0 = Debug|Any CPU
		{BDF5C409-B528-4D41-8C9E-2C92781DAC96}.Release|Any CPU.ActiveCfg = Release|Any CPU
		{BDF5C409-B528-4D41-8C9E-2C92781DAC96}.Release|Any CPU.Build.0 = Release|Any CPU
		{6B845BC4-3C4B-450F-A082-AA40BB949119}.Debug|Any CPU.ActiveCfg = Debug|Any CPU
		{6B845BC4-3C4B-450F-A082-AA40BB949119}.Debug|Any CPU.Build.0 = Debug|Any CPU
		{6B845BC4-3C4B-450F-A082-AA40BB949119}.Release|Any CPU.ActiveCfg = Release|Any CPU
		{6B845BC4-3C4B-450F-A082-AA40BB949119}.Release|Any CPU.Build.0 = Release|Any CPU
	EndGlobalSection
EndGlobal
